// !$*UTF8*$!
{
	archiveVersion = 1;
	classes = {
	};
	objectVersion = 46;
	objects = {

/* Begin PBXBuildFile section */
		BEBC613C19EC98350042642E /* Foundation.framework in Frameworks */ = {isa = PBXBuildFile; fileRef = BEBC613B19EC98350042642E /* Foundation.framework */; };
		BEBC613E19EC98350042642E /* CoreGraphics.framework in Frameworks */ = {isa = PBXBuildFile; fileRef = BEBC613D19EC98350042642E /* CoreGraphics.framework */; };
		BEBC614019EC98350042642E /* UIKit.framework in Frameworks */ = {isa = PBXBuildFile; fileRef = BEBC613F19EC98350042642E /* UIKit.framework */; };
		BEBC614219EC98350042642E /* SpriteKit.framework in Frameworks */ = {isa = PBXBuildFile; fileRef = BEBC614119EC98350042642E /* SpriteKit.framework */; };
		BEBC614819EC98350042642E /* InfoPlist.strings in Resources */ = {isa = PBXBuildFile; fileRef = BEBC614619EC98350042642E /* InfoPlist.strings */; };
		BEBC614A19EC98350042642E /* main.m in Sources */ = {isa = PBXBuildFile; fileRef = BEBC614919EC98350042642E /* main.m */; };
		BEBC614E19EC98350042642E /* KXAppDelegate.m in Sources */ = {isa = PBXBuildFile; fileRef = BEBC614D19EC98350042642E /* KXAppDelegate.m */; };
		BEBC615119EC98350042642E /* Main.storyboard in Resources */ = {isa = PBXBuildFile; fileRef = BEBC614F19EC98350042642E /* Main.storyboard */; };
		BEBC615419EC98350042642E /* KXViewController.m in Sources */ = {isa = PBXBuildFile; fileRef = BEBC615319EC98350042642E /* KXViewController.m */; };
		BEBC615719EC98350042642E /* KXMyScene.m in Sources */ = {isa = PBXBuildFile; fileRef = BEBC615619EC98350042642E /* KXMyScene.m */; };
		BEBC615B19EC98350042642E /* Images.xcassets in Resources */ = {isa = PBXBuildFile; fileRef = BEBC615A19EC98350042642E /* Images.xcassets */; };
		BEBC616219EC98350042642E /* XCTest.framework in Frameworks */ = {isa = PBXBuildFile; fileRef = BEBC616119EC98350042642E /* XCTest.framework */; };
		BEBC616319EC98350042642E /* Foundation.framework in Frameworks */ = {isa = PBXBuildFile; fileRef = BEBC613B19EC98350042642E /* Foundation.framework */; };
		BEBC616419EC98350042642E /* UIKit.framework in Frameworks */ = {isa = PBXBuildFile; fileRef = BEBC613F19EC98350042642E /* UIKit.framework */; };
		BEBC616C19EC98350042642E /* InfoPlist.strings in Resources */ = {isa = PBXBuildFile; fileRef = BEBC616A19EC98350042642E /* InfoPlist.strings */; };
		BEBC616E19EC98350042642E /* BallChallengeTests.m in Sources */ = {isa = PBXBuildFile; fileRef = BEBC616D19EC98350042642E /* BallChallengeTests.m */; };
		BEBC617B19EC985B0042642E /* 8Ball@2x.png in Resources */ = {isa = PBXBuildFile; fileRef = BEBC617819EC985B0042642E /* 8Ball@2x.png */; };
		BEBC617C19EC985B0042642E /* BeachBall@2x.png in Resources */ = {isa = PBXBuildFile; fileRef = BEBC617919EC985B0042642E /* BeachBall@2x.png */; };
		BEBC617D19EC985B0042642E /* SoccerBall@2x.png in Resources */ = {isa = PBXBuildFile; fileRef = BEBC617A19EC985B0042642E /* SoccerBall@2x.png */; };
/* End PBXBuildFile section */

/* Begin PBXContainerItemProxy section */
		BEBC616519EC98350042642E /* PBXContainerItemProxy */ = {
			isa = PBXContainerItemProxy;
			containerPortal = BEBC613019EC98350042642E /* Project object */;
			proxyType = 1;
			remoteGlobalIDString = BEBC613719EC98350042642E;
			remoteInfo = BallChallenge;
		};
/* End PBXContainerItemProxy section */

/* Begin PBXFileReference section */
		BEBC613819EC98350042642E /* BallChallenge.app */ = {isa = PBXFileReference; explicitFileType = wrapper.application; includeInIndex = 0; path = BallChallenge.app; sourceTree = BUILT_PRODUCTS_DIR; };
		BEBC613B19EC98350042642E /* Foundation.framework */ = {isa = PBXFileReference; lastKnownFileType = wrapper.framework; name = Foundation.framework; path = System/Library/Frameworks/Foundation.framework; sourceTree = SDKROOT; };
		BEBC613D19EC98350042642E /* CoreGraphics.framework */ = {isa = PBXFileReference; lastKnownFileType = wrapper.framework; name = CoreGraphics.framework; path = System/Library/Frameworks/CoreGraphics.framework; sourceTree = SDKROOT; };
		BEBC613F19EC98350042642E /* UIKit.framework */ = {isa = PBXFileReference; lastKnownFileType = wrapper.framework; name = UIKit.framework; path = System/Library/Frameworks/UIKit.framework; sourceTree = SDKROOT; };
		BEBC614119EC98350042642E /* SpriteKit.framework */ = {isa = PBXFileReference; lastKnownFileType = wrapper.framework; name = SpriteKit.framework; path = System/Library/Frameworks/SpriteKit.framework; sourceTree = SDKROOT; };
		BEBC614519EC98350042642E /* BallChallenge-Info.plist */ = {isa = PBXFileReference; lastKnownFileType = text.plist.xml; path = "BallChallenge-Info.plist"; sourceTree = "<group>"; };
		BEBC614719EC98350042642E /* en */ = {isa = PBXFileReference; lastKnownFileType = text.plist.strings; name = en; path = en.lproj/InfoPlist.strings; sourceTree = "<group>"; };
		BEBC614919EC98350042642E /* main.m */ = {isa = PBXFileReference; lastKnownFileType = sourcecode.c.objc; path = main.m; sourceTree = "<group>"; };
		BEBC614B19EC98350042642E /* BallChallenge-Prefix.pch */ = {isa = PBXFileReference; lastKnownFileType = sourcecode.c.h; path = "BallChallenge-Prefix.pch"; sourceTree = "<group>"; };
		BEBC614C19EC98350042642E /* KXAppDelegate.h */ = {isa = PBXFileReference; lastKnownFileType = sourcecode.c.h; path = KXAppDelegate.h; sourceTree = "<group>"; };
		BEBC614D19EC98350042642E /* KXAppDelegate.m */ = {isa = PBXFileReference; lastKnownFileType = sourcecode.c.objc; path = KXAppDelegate.m; sourceTree = "<group>"; };
		BEBC615019EC98350042642E /* Base */ = {isa = PBXFileReference; lastKnownFileType = file.storyboard; name = Base; path = Base.lproj/Main.storyboard; sourceTree = "<group>"; };
		BEBC615219EC98350042642E /* KXViewController.h */ = {isa = PBXFileReference; lastKnownFileType = sourcecode.c.h; path = KXViewController.h; sourceTree = "<group>"; };
		BEBC615319EC98350042642E /* KXViewController.m */ = {isa = PBXFileReference; lastKnownFileType = sourcecode.c.objc; path = KXViewController.m; sourceTree = "<group>"; };
		BEBC615519EC98350042642E /* KXMyScene.h */ = {isa = PBXFileReference; lastKnownFileType = sourcecode.c.h; path = KXMyScene.h; sourceTree = "<group>"; };
		BEBC615619EC98350042642E /* KXMyScene.m */ = {isa = PBXFileReference; lastKnownFileType = sourcecode.c.objc; path = KXMyScene.m; sourceTree = "<group>"; };
		BEBC615A19EC98350042642E /* Images.xcassets */ = {isa = PBXFileReference; lastKnownFileType = folder.assetcatalog; path = Images.xcassets; sourceTree = "<group>"; };
		BEBC616019EC98350042642E /* BallChallengeTests.xctest */ = {isa = PBXFileReference; explicitFileType = wrapper.cfbundle; includeInIndex = 0; path = BallChallengeTests.xctest; sourceTree = BUILT_PRODUCTS_DIR; };
		BEBC616119EC98350042642E /* XCTest.framework */ = {isa = PBXFileReference; lastKnownFileType = wrapper.framework; name = XCTest.framework; path = Library/Frameworks/XCTest.framework; sourceTree = DEVELOPER_DIR; };
		BEBC616919EC98350042642E /* BallChallengeTests-Info.plist */ = {isa = PBXFileReference; lastKnownFileType = text.plist.xml; path = "BallChallengeTests-Info.plist"; sourceTree = "<group>"; };
		BEBC616B19EC98350042642E /* en */ = {isa = PBXFileReference; lastKnownFileType = text.plist.strings; name = en; path = en.lproj/InfoPlist.strings; sourceTree = "<group>"; };
		BEBC616D19EC98350042642E /* BallChallengeTests.m */ = {isa = PBXFileReference; lastKnownFileType = sourcecode.c.objc; path = BallChallengeTests.m; sourceTree = "<group>"; };
		BEBC617819EC985B0042642E /* 8Ball@2x.png */ = {isa = PBXFileReference; lastKnownFileType = image.png; path = "8Ball@2x.png"; sourceTree = "<group>"; };
		BEBC617919EC985B0042642E /* BeachBall@2x.png */ = {isa = PBXFileReference; lastKnownFileType = image.png; path = "BeachBall@2x.png"; sourceTree = "<group>"; };
		BEBC617A19EC985B0042642E /* SoccerBall@2x.png */ = {isa = PBXFileReference; lastKnownFileType = image.png; path = "SoccerBall@2x.png"; sourceTree = "<group>"; };
/* End PBXFileReference section */

/* Begin PBXFrameworksBuildPhase section */
		BEBC613519EC98350042642E /* Frameworks */ = {
			isa = PBXFrameworksBuildPhase;
			buildActionMask = 2147483647;
			files = (
				BEBC613E19EC98350042642E /* CoreGraphics.framework in Frameworks */,
				BEBC614019EC98350042642E /* UIKit.framework in Frameworks */,
				BEBC614219EC98350042642E /* SpriteKit.framework in Frameworks */,
				BEBC613C19EC98350042642E /* Foundation.framework in Frameworks */,
			);
			runOnlyForDeploymentPostprocessing = 0;
		};
		BEBC615D19EC98350042642E /* Frameworks */ = {
			isa = PBXFrameworksBuildPhase;
			buildActionMask = 2147483647;
			files = (
				BEBC616219EC98350042642E /* XCTest.framework in Frameworks */,
				BEBC616419EC98350042642E /* UIKit.framework in Frameworks */,
				BEBC616319EC98350042642E /* Foundation.framework in Frameworks */,
			);
			runOnlyForDeploymentPostprocessing = 0;
		};
/* End PBXFrameworksBuildPhase section */

/* Begin PBXGroup section */
		BEBC612F19EC98350042642E = {
			isa = PBXGroup;
			children = (
				BEBC614319EC98350042642E /* BallChallenge */,
				BEBC616719EC98350042642E /* BallChallengeTests */,
				BEBC613A19EC98350042642E /* Frameworks */,
				BEBC613919EC98350042642E /* Products */,
			);
			sourceTree = "<group>";
		};
		BEBC613919EC98350042642E /* Products */ = {
			isa = PBXGroup;
			children = (
				BEBC613819EC98350042642E /* BallChallenge.app */,
				BEBC616019EC98350042642E /* BallChallengeTests.xctest */,
			);
			name = Products;
			sourceTree = "<group>";
		};
		BEBC613A19EC98350042642E /* Frameworks */ = {
			isa = PBXGroup;
			children = (
				BEBC613B19EC98350042642E /* Foundation.framework */,
				BEBC613D19EC98350042642E /* CoreGraphics.framework */,
				BEBC613F19EC98350042642E /* UIKit.framework */,
				BEBC614119EC98350042642E /* SpriteKit.framework */,
				BEBC616119EC98350042642E /* XCTest.framework */,
			);
			name = Frameworks;
			sourceTree = "<group>";
		};
		BEBC614319EC98350042642E /* BallChallenge */ = {
			isa = PBXGroup;
			children = (
				BEBC617719EC985B0042642E /* Images */,
				BEBC614C19EC98350042642E /* KXAppDelegate.h */,
				BEBC614D19EC98350042642E /* KXAppDelegate.m */,
				BEBC614F19EC98350042642E /* Main.storyboard */,
				BEBC615219EC98350042642E /* KXViewController.h */,
				BEBC615319EC98350042642E /* KXViewController.m */,
				BEBC615519EC98350042642E /* KXMyScene.h */,
				BEBC615619EC98350042642E /* KXMyScene.m */,
				BEBC615A19EC98350042642E /* Images.xcassets */,
				BEBC614419EC98350042642E /* Supporting Files */,
			);
			path = BallChallenge;
			sourceTree = "<group>";
		};
		BEBC614419EC98350042642E /* Supporting Files */ = {
			isa = PBXGroup;
			children = (
				BEBC614519EC98350042642E /* BallChallenge-Info.plist */,
				BEBC614619EC98350042642E /* InfoPlist.strings */,
				BEBC614919EC98350042642E /* main.m */,
				BEBC614B19EC98350042642E /* BallChallenge-Prefix.pch */,
			);
			name = "Supporting Files";
			sourceTree = "<group>";
		};
		BEBC616719EC98350042642E /* BallChallengeTests */ = {
			isa = PBXGroup;
			children = (
				BEBC616D19EC98350042642E /* BallChallengeTests.m */,
				BEBC616819EC98350042642E /* Supporting Files */,
			);
			path = BallChallengeTests;
			sourceTree = "<group>";
		};
		BEBC616819EC98350042642E /* Supporting Files */ = {
			isa = PBXGroup;
			children = (
				BEBC616919EC98350042642E /* BallChallengeTests-Info.plist */,
				BEBC616A19EC98350042642E /* InfoPlist.strings */,
			);
			name = "Supporting Files";
			sourceTree = "<group>";
		};
		BEBC617719EC985B0042642E /* Images */ = {
			isa = PBXGroup;
			children = (
				BEBC617819EC985B0042642E /* 8Ball@2x.png */,
				BEBC617919EC985B0042642E /* BeachBall@2x.png */,
				BEBC617A19EC985B0042642E /* SoccerBall@2x.png */,
			);
			path = Images;
			sourceTree = "<group>";
		};
/* End PBXGroup section */

/* Begin PBXNativeTarget section */
		BEBC613719EC98350042642E /* BallChallenge */ = {
			isa = PBXNativeTarget;
			buildConfigurationList = BEBC617119EC98350042642E /* Build configuration list for PBXNativeTarget "BallChallenge" */;
			buildPhases = (
				BEBC613419EC98350042642E /* Sources */,
				BEBC613519EC98350042642E /* Frameworks */,
				BEBC613619EC98350042642E /* Resources */,
			);
			buildRules = (
			);
			dependencies = (
			);
			name = BallChallenge;
			productName = BallChallenge;
			productReference = BEBC613819EC98350042642E /* BallChallenge.app */;
			productType = "com.apple.product-type.application";
		};
		BEBC615F19EC98350042642E /* BallChallengeTests */ = {
			isa = PBXNativeTarget;
			buildConfigurationList = BEBC617419EC98350042642E /* Build configuration list for PBXNativeTarget "BallChallengeTests" */;
			buildPhases = (
				BEBC615C19EC98350042642E /* Sources */,
				BEBC615D19EC98350042642E /* Frameworks */,
				BEBC615E19EC98350042642E /* Resources */,
			);
			buildRules = (
			);
			dependencies = (
				BEBC616619EC98350042642E /* PBXTargetDependency */,
			);
			name = BallChallengeTests;
			productName = BallChallengeTests;
			productReference = BEBC616019EC98350042642E /* BallChallengeTests.xctest */;
			productType = "com.apple.product-type.bundle.unit-test";
		};
/* End PBXNativeTarget section */

/* Begin PBXProject section */
		BEBC613019EC98350042642E /* Project object */ = {
			isa = PBXProject;
			attributes = {
				CLASSPREFIX = KX;
				LastUpgradeCheck = 0510;
				ORGANIZATIONNAME = "Kenneth Wilcox";
				TargetAttributes = {
					BEBC615F19EC98350042642E = {
						TestTargetID = BEBC613719EC98350042642E;
					};
				};
			};
			buildConfigurationList = BEBC613319EC98350042642E /* Build configuration list for PBXProject "BallChallenge" */;
			compatibilityVersion = "Xcode 3.2";
			developmentRegion = English;
			hasScannedForEncodings = 0;
			knownRegions = (
				en,
				Base,
			);
			mainGroup = BEBC612F19EC98350042642E;
			productRefGroup = BEBC613919EC98350042642E /* Products */;
			projectDirPath = "";
			projectRoot = "";
			targets = (
				BEBC613719EC98350042642E /* BallChallenge */,
				BEBC615F19EC98350042642E /* BallChallengeTests */,
			);
		};
/* End PBXProject section */

/* Begin PBXResourcesBuildPhase section */
		BEBC613619EC98350042642E /* Resources */ = {
			isa = PBXResourcesBuildPhase;
			buildActionMask = 2147483647;
			files = (
				BEBC617C19EC985B0042642E /* BeachBall@2x.png in Resources */,
				BEBC617B19EC985B0042642E /* 8Ball@2x.png in Resources */,
				BEBC614819EC98350042642E /* InfoPlist.strings in Resources */,
				BEBC615B19EC98350042642E /* Images.xcassets in Resources */,
				BEBC617D19EC985B0042642E /* SoccerBall@2x.png in Resources */,
				BEBC615119EC98350042642E /* Main.storyboard in Resources */,
			);
			runOnlyForDeploymentPostprocessing = 0;
		};
		BEBC615E19EC98350042642E /* Resources */ = {
			isa = PBXResourcesBuildPhase;
			buildActionMask = 2147483647;
			files = (
				BEBC616C19EC98350042642E /* InfoPlist.strings in Resources */,
			);
			runOnlyForDeploymentPostprocessing = 0;
		};
/* End PBXResourcesBuildPhase section */

/* Begin PBXSourcesBuildPhase section */
		BEBC613419EC98350042642E /* Sources */ = {
			isa = PBXSourcesBuildPhase;
			buildActionMask = 2147483647;
			files = (
				BEBC615419EC98350042642E /* KXViewController.m in Sources */,
				BEBC615719EC98350042642E /* KXMyScene.m in Sources */,
				BEBC614A19EC98350042642E /* main.m in Sources */,
				BEBC614E19EC98350042642E /* KXAppDelegate.m in Sources */,
			);
			runOnlyForDeploymentPostprocessing = 0;
		};
		BEBC615C19EC98350042642E /* Sources */ = {
			isa = PBXSourcesBuildPhase;
			buildActionMask = 2147483647;
			files = (
				BEBC616E19EC98350042642E /* BallChallengeTests.m in Sources */,
			);
			runOnlyForDeploymentPostprocessing = 0;
		};
/* End PBXSourcesBuildPhase section */

/* Begin PBXTargetDependency section */
		BEBC616619EC98350042642E /* PBXTargetDependency */ = {
			isa = PBXTargetDependency;
			target = BEBC613719EC98350042642E /* BallChallenge */;
			targetProxy = BEBC616519EC98350042642E /* PBXContainerItemProxy */;
		};
/* End PBXTargetDependency section */

/* Begin PBXVariantGroup section */
		BEBC614619EC98350042642E /* InfoPlist.strings */ = {
			isa = PBXVariantGroup;
			children = (
				BEBC614719EC98350042642E /* en */,
			);
			name = InfoPlist.strings;
			sourceTree = "<group>";
		};
		BEBC614F19EC98350042642E /* Main.storyboard */ = {
			isa = PBXVariantGroup;
			children = (
				BEBC615019EC98350042642E /* Base */,
			);
			name = Main.storyboard;
			sourceTree = "<group>";
		};
		BEBC616A19EC98350042642E /* InfoPlist.strings */ = {
			isa = PBXVariantGroup;
			children = (
				BEBC616B19EC98350042642E /* en */,
			);
			name = InfoPlist.strings;
			sourceTree = "<group>";
		};
/* End PBXVariantGroup section */

/* Begin XCBuildConfiguration section */
		BEBC616F19EC98350042642E /* Debug */ = {
			isa = XCBuildConfiguration;
			buildSettings = {
				ALWAYS_SEARCH_USER_PATHS = NO;
				CLANG_CXX_LANGUAGE_STANDARD = "gnu++0x";
				CLANG_CXX_LIBRARY = "libc++";
				CLANG_ENABLE_MODULES = YES;
				CLANG_ENABLE_OBJC_ARC = YES;
				CLANG_WARN_BOOL_CONVERSION = YES;
				CLANG_WARN_CONSTANT_CONVERSION = YES;
				CLANG_WARN_DIRECT_OBJC_ISA_USAGE = YES_ERROR;
				CLANG_WARN_EMPTY_BODY = YES;
				CLANG_WARN_ENUM_CONVERSION = YES;
				CLANG_WARN_INT_CONVERSION = YES;
				CLANG_WARN_OBJC_ROOT_CLASS = YES_ERROR;
				CLANG_WARN__DUPLICATE_METHOD_MATCH = YES;
				"CODE_SIGN_IDENTITY[sdk=iphoneos*]" = "iPhone Developer";
				COPY_PHASE_STRIP = NO;
				GCC_C_LANGUAGE_STANDARD = gnu99;
				GCC_DYNAMIC_NO_PIC = NO;
				GCC_OPTIMIZATION_LEVEL = 0;
				GCC_PREPROCESSOR_DEFINITIONS = (
					"DEBUG=1",
					"$(inherited)",
				);
				GCC_SYMBOLS_PRIVATE_EXTERN = NO;
				GCC_WARN_64_TO_32_BIT_CONVERSION = YES;
				GCC_WARN_ABOUT_RETURN_TYPE = YES_ERROR;
				GCC_WARN_UNDECLARED_SELECTOR = YES;
				GCC_WARN_UNINITIALIZED_AUTOS = YES_AGGRESSIVE;
				GCC_WARN_UNUSED_FUNCTION = YES;
				GCC_WARN_UNUSED_VARIABLE = YES;
				IPHONEOS_DEPLOYMENT_TARGET = 7.1;
				ONLY_ACTIVE_ARCH = YES;
				SDKROOT = iphoneos;
			};
			name = Debug;
		};
		BEBC617019EC98350042642E /* Release */ = {
			isa = XCBuildConfiguration;
			buildSettings = {
				ALWAYS_SEARCH_USER_PATHS = NO;
				CLANG_CXX_LANGUAGE_STANDARD = "gnu++0x";
				CLANG_CXX_LIBRARY = "libc++";
				CLANG_ENABLE_MODULES = YES;
				CLANG_ENABLE_OBJC_ARC = YES;
				CLANG_WARN_BOOL_CONVERSION = YES;
				CLANG_WARN_CONSTANT_CONVERSION = YES;
				CLANG_WARN_DIRECT_OBJC_ISA_USAGE = YES_ERROR;
				CLANG_WARN_EMPTY_BODY = YES;
				CLANG_WARN_ENUM_CONVERSION = YES;
				CLANG_WARN_INT_CONVERSION = YES;
				CLANG_WARN_OBJC_ROOT_CLASS = YES_ERROR;
				CLANG_WARN__DUPLICATE_METHOD_MATCH = YES;
				"CODE_SIGN_IDENTITY[sdk=iphoneos*]" = "iPhone Developer";
				COPY_PHASE_STRIP = YES;
				ENABLE_NS_ASSERTIONS = NO;
				GCC_C_LANGUAGE_STANDARD = gnu99;
				GCC_WARN_64_TO_32_BIT_CONVERSION = YES;
				GCC_WARN_ABOUT_RETURN_TYPE = YES_ERROR;
				GCC_WARN_UNDECLARED_SELECTOR = YES;
				GCC_WARN_UNINITIALIZED_AUTOS = YES_AGGRESSIVE;
				GCC_WARN_UNUSED_FUNCTION = YES;
				GCC_WARN_UNUSED_VARIABLE = YES;
				IPHONEOS_DEPLOYMENT_TARGET = 7.1;
				SDKROOT = iphoneos;
				VALIDATE_PRODUCT = YES;
			};
			name = Release;
		};
		BEBC617219EC98350042642E /* Debug */ = {
			isa = XCBuildConfiguration;
			buildSettings = {
				ASSETCATALOG_COMPILER_APPICON_NAME = AppIcon;
				ASSETCATALOG_COMPILER_LAUNCHIMAGE_NAME = LaunchImage;
				GCC_PRECOMPILE_PREFIX_HEADER = YES;
				GCC_PREFIX_HEADER = "BallChallenge/BallChallenge-Prefix.pch";
				INFOPLIST_FILE = "BallChallenge/BallChallenge-Info.plist";
				PRODUCT_NAME = "$(TARGET_NAME)";
				SPRITEKIT_TEXTURE_ATLAS_OUTPUT = YES;
				WRAPPER_EXTENSION = app;
			};
			name = Debug;
		};
		BEBC617319EC98350042642E /* Release */ = {
			isa = XCBuildConfiguration;
			buildSettings = {
				ASSETCATALOG_COMPILER_APPICON_NAME = AppIcon;
				ASSETCATALOG_COMPILER_LAUNCHIMAGE_NAME = LaunchImage;
				GCC_PRECOMPILE_PREFIX_HEADER = YES;
				GCC_PREFIX_HEADER = "BallChallenge/BallChallenge-Prefix.pch";
				INFOPLIST_FILE = "BallChallenge/BallChallenge-Info.plist";
				PRODUCT_NAME = "$(TARGET_NAME)";
				SPRITEKIT_TEXTURE_ATLAS_OUTPUT = YES;
				WRAPPER_EXTENSION = app;
			};
			name = Release;
		};
		BEBC617519EC98350042642E /* Debug */ = {
			isa = XCBuildConfiguration;
			buildSettings = {
				BUNDLE_LOADER = "$(BUILT_PRODUCTS_DIR)/BallChallenge.app/BallChallenge";
				FRAMEWORK_SEARCH_PATHS = (
					"$(SDKROOT)/Developer/Library/Frameworks",
					"$(inherited)",
					"$(DEVELOPER_FRAMEWORKS_DIR)",
				);
				GCC_PRECOMPILE_PREFIX_HEADER = YES;
				GCC_PREFIX_HEADER = "BallChallenge/BallChallenge-Prefix.pch";
				GCC_PREPROCESSOR_DEFINITIONS = (
					"DEBUG=1",
					"$(inherited)",
				);
				INFOPLIST_FILE = "BallChallengeTests/BallChallengeTests-Info.plist";
				PRODUCT_NAME = "$(TARGET_NAME)";
				TEST_HOST = "$(BUNDLE_LOADER)";
				WRAPPER_EXTENSION = xctest;
			};
			name = Debug;
		};
		BEBC617619EC98350042642E /* Release */ = {
			isa = XCBuildConfiguration;
			buildSettings = {
				BUNDLE_LOADER = "$(BUILT_PRODUCTS_DIR)/BallChallenge.app/BallChallenge";
				FRAMEWORK_SEARCH_PATHS = (
					"$(SDKROOT)/Developer/Library/Frameworks",
					"$(inherited)",
					"$(DEVELOPER_FRAMEWORKS_DIR)",
				);
				GCC_PRECOMPILE_PREFIX_HEADER = YES;
				GCC_PREFIX_HEADER = "BallChallenge/BallChallenge-Prefix.pch";
				INFOPLIST_FILE = "BallChallengeTests/BallChallengeTests-Info.plist";
				PRODUCT_NAME = "$(TARGET_NAME)";
				TEST_HOST = "$(BUNDLE_LOADER)";
				WRAPPER_EXTENSION = xctest;
			};
			name = Release;
		};
/* End XCBuildConfiguration section */

/* Begin XCConfigurationList section */
		BEBC613319EC98350042642E /* Build configuration list for PBXProject "BallChallenge" */ = {
			isa = XCConfigurationList;
			buildConfigurations = (
				BEBC616F19EC98350042642E /* Debug */,
				BEBC617019EC98350042642E /* Release */,
			);
			defaultConfigurationIsVisible = 0;
			defaultConfigurationName = Release;
		};
		BEBC617119EC98350042642E /* Build configuration list for PBXNativeTarget "BallChallenge" */ = {
			isa = XCConfigurationList;
			buildConfigurations = (
				BEBC617219EC98350042642E /* Debug */,
				BEBC617319EC98350042642E /* Release */,
			);
			defaultConfigurationIsVisible = 0;
		};
		BEBC617419EC98350042642E /* Build configuration list for PBXNativeTarget "BallChallengeTests" */ = {
			isa = XCConfigurationList;
			buildConfigurations = (
				BEBC617519EC98350042642E /* Debug */,
				BEBC617619EC98350042642E /* Release */,
			);
			defaultConfigurationIsVisible = 0;
		};
/* End XCConfigurationList section */
	};
	rootObject = BEBC613019EC98350042642E /* Project object */;
}
